
Microsoft Visual Studio Solution File, Format Version 12.00
# Visual Studio Version 17
VisualStudioVersion = 17.8.34330.188
MinimumVisualStudioVersion = 10.0.40219.1
Project("{FAE04EC0-301F-11D3-BF4B-00C04F79EFBC}") = "A. Team", "A. Team\A. Team.csproj", "{14723EAE-42BE-45E3-B9F8-9E8FF199267E}"
EndProject
Global
	GlobalSection(SolutionConfigurationPlatforms) = preSolution
		Debug|Any CPU = Debug|Any CPU
		Release|Any CPU = Release|Any CPU
	EndGlobalSection
	GlobalSection(ProjectConfigurationPlatforms) = postSolution
		{14723EAE-42BE-45E3-B9F8-9E8FF199267E}.Debug|Any CPU.ActiveCfg = Debug|Any CPU
		{14723EAE-42BE-45E3-B9F8-9E8FF199267E}.Debug|Any CPU.Build.0 = Debug|Any CPU
		{14723EAE-42BE-45E3-B9F8-9E8FF199267E}.Release|Any CPU.ActiveCfg = Release|Any CPU
		{14723EAE-42BE-45E3-B9F8-9E8FF199267E}.Release|Any CPU.Build.0 = Release|Any CPU
	EndGlobalSection
	GlobalSection(SolutionProperties) = preSolution
		HideSolutionNode = FALSE
	EndGlobalSection
	GlobalSection(ExtensibilityGlobals) = postSolution
		SolutionGuid = {52DC2271-86C1-4137-B12D-04371E8B5370}
	EndGlobalSection
EndGlobal
