
Microsoft Visual Studio Solution File, Format Version 12.00
# Visual Studio Version 17
VisualStudioVersion = 17.8.34330.188
MinimumVisualStudioVersion = 10.0.40219.1
Project("{FAE04EC0-301F-11D3-BF4B-00C04F79EFBC}") = "Way Too Long Words", "Way Too Long Words\Way Too Long Words.csproj", "{24C1809B-09FA-4CE1-BE35-8DD0EFD96242}"
EndProject
Project("{FAE04EC0-301F-11D3-BF4B-00C04F79EFBC}") = "A. Watermelon", "A. Watermelon\A. Watermelon.csproj", "{B527DE2F-FF51-494C-A7E6-D764077A929C}"
EndProject
Project("{FAE04EC0-301F-11D3-BF4B-00C04F79EFBC}") = "A. Team", "A. Team\A. Team.csproj", "{3CAB802E-8A7C-4B31-B248-E715F2279EA9}"
EndProject
Project("{FAE04EC0-301F-11D3-BF4B-00C04F79EFBC}") = "Next Round", "Next Round\Next Round.csproj", "{CA3DDEA3-5DB6-4115-B391-4434D7ED201B}"
EndProject
Global
	GlobalSection(SolutionConfigurationPlatforms) = preSolution
		Debug|Any CPU = Debug|Any CPU
		Release|Any CPU = Release|Any CPU
	EndGlobalSection
	GlobalSection(ProjectConfigurationPlatforms) = postSolution
		{24C1809B-09FA-4CE1-BE35-8DD0EFD96242}.Debug|Any CPU.ActiveCfg = Debug|Any CPU
		{24C1809B-09FA-4CE1-BE35-8DD0EFD96242}.Debug|Any CPU.Build.0 = Debug|Any CPU
		{24C1809B-09FA-4CE1-BE35-8DD0EFD96242}.Release|Any CPU.ActiveCfg = Release|Any CPU
		{24C1809B-09FA-4CE1-BE35-8DD0EFD96242}.Release|Any CPU.Build.0 = Release|Any CPU
		{B527DE2F-FF51-494C-A7E6-D764077A929C}.Debug|Any CPU.ActiveCfg = Debug|Any CPU
		{B527DE2F-FF51-494C-A7E6-D764077A929C}.Debug|Any CPU.Build.0 = Debug|Any CPU
		{B527DE2F-FF51-494C-A7E6-D764077A929C}.Release|Any CPU.ActiveCfg = Release|Any CPU
		{B527DE2F-FF51-494C-A7E6-D764077A929C}.Release|Any CPU.Build.0 = Release|Any CPU
		{3CAB802E-8A7C-4B31-B248-E715F2279EA9}.Debug|Any CPU.ActiveCfg = Debug|Any CPU
		{3CAB802E-8A7C-4B31-B248-E715F2279EA9}.Debug|Any CPU.Build.0 = Debug|Any CPU
		{3CAB802E-8A7C-4B31-B248-E715F2279EA9}.Release|Any CPU.ActiveCfg = Release|Any CPU
		{3CAB802E-8A7C-4B31-B248-E715F2279EA9}.Release|Any CPU.Build.0 = Release|Any CPU
		{CA3DDEA3-5DB6-4115-B391-4434D7ED201B}.Debug|Any CPU.ActiveCfg = Debug|Any CPU
		{CA3DDEA3-5DB6-4115-B391-4434D7ED201B}.Debug|Any CPU.Build.0 = Debug|Any CPU
		{CA3DDEA3-5DB6-4115-B391-4434D7ED201B}.Release|Any CPU.ActiveCfg = Release|Any CPU
		{CA3DDEA3-5DB6-4115-B391-4434D7ED201B}.Release|Any CPU.Build.0 = Release|Any CPU
	EndGlobalSection
	GlobalSection(SolutionProperties) = preSolution
		HideSolutionNode = FALSE
	EndGlobalSection
	GlobalSection(ExtensibilityGlobals) = postSolution
		SolutionGuid = {FFAF5335-E822-4E7F-A472-E802C8811711}
	EndGlobalSection
EndGlobal
