
Microsoft Visual Studio Solution File, Format Version 12.00
# Visual Studio Version 17
VisualStudioVersion = 17.0.31903.59
MinimumVisualStudioVersion = 10.0.40219.1
Project("{9A19103F-16F7-4668-BE54-9A1E7A4F7556}") = "OopBasic", "OopBasic\OopBasic.csproj", "{2CAEA55E-0BD8-4A8B-83E1-D7449A4336B4}"
EndProject
Project("{9A19103F-16F7-4668-BE54-9A1E7A4F7556}") = "OOPTest", "OOPTest\OOPTest.csproj", "{7D9A3766-6E93-459D-B496-F577AAA0F294}"
EndProject
Project("{9A19103F-16F7-4668-BE54-9A1E7A4F7556}") = "StaticClass", "StaticClass\StaticClass.csproj", "{EB9748E0-DBFC-4586-82E4-A8E960843A2C}"
EndProject
Project("{9A19103F-16F7-4668-BE54-9A1E7A4F7556}") = "AbstractClass", "AbstractClass\AbstractClass.csproj", "{9B57E607-6F02-4061-A77F-0C7E8D912550}"
EndProject
Project("{9A19103F-16F7-4668-BE54-9A1E7A4F7556}") = "InterfaceExamples", "InterfaceExamples\InterfaceExamples.csproj", "{AF44EA0C-3EC3-46E2-8D3E-6489C8E7FB31}"
EndProject
Project("{9A19103F-16F7-4668-BE54-9A1E7A4F7556}") = "AdoNetExample", "AdoNetExample\AdoNetExample.csproj", "{7451C79F-D34A-48CF-80E1-23C4A517D32C}"
EndProject
Project("{9A19103F-16F7-4668-BE54-9A1E7A4F7556}") = "AdoNetPractice", "AdoNetPractice\AdoNetPractice.csproj", "{EB8CA8F6-D92F-46FF-A7CE-26D7014CD705}"
EndProject
Project("{FAE04EC0-301F-11D3-BF4B-00C04F79EFBC}") = "StringBuilder", "StringBuilder\StringBuilder.csproj", "{AF033DBF-BDDA-4833-9207-5B84C71B2C86}"
EndProject
Project("{FAE04EC0-301F-11D3-BF4B-00C04F79EFBC}") = "ParameterModifier", "ParameterModifier\ParameterModifier.csproj", "{1602898B-9190-4DB0-BBEC-D525B325D135}"
EndProject
Project("{FAE04EC0-301F-11D3-BF4B-00C04F79EFBC}") = "VarExample", "VarExample\VarExample.csproj", "{A555C72A-F6A4-411F-B0E6-D03035B68251}"
EndProject
Global
	GlobalSection(SolutionConfigurationPlatforms) = preSolution
		Debug|Any CPU = Debug|Any CPU
		Release|Any CPU = Release|Any CPU
	EndGlobalSection
	GlobalSection(ProjectConfigurationPlatforms) = postSolution
		{2CAEA55E-0BD8-4A8B-83E1-D7449A4336B4}.Debug|Any CPU.ActiveCfg = Debug|Any CPU
		{2CAEA55E-0BD8-4A8B-83E1-D7449A4336B4}.Debug|Any CPU.Build.0 = Debug|Any CPU
		{2CAEA55E-0BD8-4A8B-83E1-D7449A4336B4}.Release|Any CPU.ActiveCfg = Release|Any CPU
		{2CAEA55E-0BD8-4A8B-83E1-D7449A4336B4}.Release|Any CPU.Build.0 = Release|Any CPU
		{7D9A3766-6E93-459D-B496-F577AAA0F294}.Debug|Any CPU.ActiveCfg = Debug|Any CPU
		{7D9A3766-6E93-459D-B496-F577AAA0F294}.Debug|Any CPU.Build.0 = Debug|Any CPU
		{7D9A3766-6E93-459D-B496-F577AAA0F294}.Release|Any CPU.ActiveCfg = Release|Any CPU
		{7D9A3766-6E93-459D-B496-F577AAA0F294}.Release|Any CPU.Build.0 = Release|Any CPU
		{EB9748E0-DBFC-4586-82E4-A8E960843A2C}.Debug|Any CPU.ActiveCfg = Debug|Any CPU
		{EB9748E0-DBFC-4586-82E4-A8E960843A2C}.Debug|Any CPU.Build.0 = Debug|Any CPU
		{EB9748E0-DBFC-4586-82E4-A8E960843A2C}.Release|Any CPU.ActiveCfg = Release|Any CPU
		{EB9748E0-DBFC-4586-82E4-A8E960843A2C}.Release|Any CPU.Build.0 = Release|Any CPU
		{9B57E607-6F02-4061-A77F-0C7E8D912550}.Debug|Any CPU.ActiveCfg = Debug|Any CPU
		{9B57E607-6F02-4061-A77F-0C7E8D912550}.Debug|Any CPU.Build.0 = Debug|Any CPU
		{9B57E607-6F02-4061-A77F-0C7E8D912550}.Release|Any CPU.ActiveCfg = Release|Any CPU
		{9B57E607-6F02-4061-A77F-0C7E8D912550}.Release|Any CPU.Build.0 = Release|Any CPU
		{AF44EA0C-3EC3-46E2-8D3E-6489C8E7FB31}.Debug|Any CPU.ActiveCfg = Debug|Any CPU
		{AF44EA0C-3EC3-46E2-8D3E-6489C8E7FB31}.Debug|Any CPU.Build.0 = Debug|Any CPU
		{AF44EA0C-3EC3-46E2-8D3E-6489C8E7FB31}.Release|Any CPU.ActiveCfg = Release|Any CPU
		{AF44EA0C-3EC3-46E2-8D3E-6489C8E7FB31}.Release|Any CPU.Build.0 = Release|Any CPU
		{7451C79F-D34A-48CF-80E1-23C4A517D32C}.Debug|Any CPU.ActiveCfg = Debug|Any CPU
		{7451C79F-D34A-48CF-80E1-23C4A517D32C}.Debug|Any CPU.Build.0 = Debug|Any CPU
		{7451C79F-D34A-48CF-80E1-23C4A517D32C}.Release|Any CPU.ActiveCfg = Release|Any CPU
		{7451C79F-D34A-48CF-80E1-23C4A517D32C}.Release|Any CPU.Build.0 = Release|Any CPU
		{EB8CA8F6-D92F-46FF-A7CE-26D7014CD705}.Debug|Any CPU.ActiveCfg = Debug|Any CPU
		{EB8CA8F6-D92F-46FF-A7CE-26D7014CD705}.Debug|Any CPU.Build.0 = Debug|Any CPU
		{EB8CA8F6-D92F-46FF-A7CE-26D7014CD705}.Release|Any CPU.ActiveCfg = Release|Any CPU
		{EB8CA8F6-D92F-46FF-A7CE-26D7014CD705}.Release|Any CPU.Build.0 = Release|Any CPU
		{AF033DBF-BDDA-4833-9207-5B84C71B2C86}.Debug|Any CPU.ActiveCfg = Debug|Any CPU
		{AF033DBF-BDDA-4833-9207-5B84C71B2C86}.Debug|Any CPU.Build.0 = Debug|Any CPU
		{AF033DBF-BDDA-4833-9207-5B84C71B2C86}.Release|Any CPU.ActiveCfg = Release|Any CPU
		{AF033DBF-BDDA-4833-9207-5B84C71B2C86}.Release|Any CPU.Build.0 = Release|Any CPU
		{1602898B-9190-4DB0-BBEC-D525B325D135}.Debug|Any CPU.ActiveCfg = Debug|Any CPU
		{1602898B-9190-4DB0-BBEC-D525B325D135}.Debug|Any CPU.Build.0 = Debug|Any CPU
		{1602898B-9190-4DB0-BBEC-D525B325D135}.Release|Any CPU.ActiveCfg = Release|Any CPU
		{1602898B-9190-4DB0-BBEC-D525B325D135}.Release|Any CPU.Build.0 = Release|Any CPU
		{A555C72A-F6A4-411F-B0E6-D03035B68251}.Debug|Any CPU.ActiveCfg = Debug|Any CPU
		{A555C72A-F6A4-411F-B0E6-D03035B68251}.Debug|Any CPU.Build.0 = Debug|Any CPU
		{A555C72A-F6A4-411F-B0E6-D03035B68251}.Release|Any CPU.ActiveCfg = Release|Any CPU
		{A555C72A-F6A4-411F-B0E6-D03035B68251}.Release|Any CPU.Build.0 = Release|Any CPU
	EndGlobalSection
	GlobalSection(SolutionProperties) = preSolution
		HideSolutionNode = FALSE
	EndGlobalSection
	GlobalSection(ExtensibilityGlobals) = postSolution
		SolutionGuid = {21E9DF94-A741-4E2A-BA6D-6F8C6F0DA80B}
	EndGlobalSection
EndGlobal
