
Microsoft Visual Studio Solution File, Format Version 12.00
# Visual Studio Version 17
VisualStudioVersion = 17.12.35527.113
MinimumVisualStudioVersion = 10.0.40219.1
Project("{FAE04EC0-301F-11D3-BF4B-00C04F79EFBC}") = "LinqExample", "LinqExample\LinqExample.csproj", "{C22D160C-EDD9-4121-9396-99CB2585D01F}"
EndProject
Project("{FAE04EC0-301F-11D3-BF4B-00C04F79EFBC}") = "ParameterModifier", "ParameterModifier\ParameterModifier.csproj", "{BFC9E35F-8202-4BAA-BAE7-A3E36184A880}"
EndProject
Project("{FAE04EC0-301F-11D3-BF4B-00C04F79EFBC}") = "VarExample", "VarExample\VarExample.csproj", "{AC454FAD-F465-4B1E-BB94-B64F58C9F726}"
EndProject
Project("{FAE04EC0-301F-11D3-BF4B-00C04F79EFBC}") = "TupleExample", "TupleExample\TupleExample.csproj", "{ADF6F051-B45F-40C9-B603-E04476575C45}"
EndProject
Project("{FAE04EC0-301F-11D3-BF4B-00C04F79EFBC}") = "AnonymousType", "AnonymousType\AnonymousType.csproj", "{0007BB76-FAA7-495F-AC95-B6046739809F}"
EndProject
Project("{FAE04EC0-301F-11D3-BF4B-00C04F79EFBC}") = "NullableType", "NullableType\NullableType.csproj", "{2673A427-C5FA-49C1-9AC6-CAAF2DB7BB60}"
EndProject
Project("{FAE04EC0-301F-11D3-BF4B-00C04F79EFBC}") = "DynamicKeyword", "DynamicKeyword\DynamicKeyword.csproj", "{E0DE9250-594E-401F-A7A3-2D7E5EE28DBE}"
EndProject
Project("{FAE04EC0-301F-11D3-BF4B-00C04F79EFBC}") = "GenericsExample", "GenericsExample\GenericsExample.csproj", "{3A53E2B5-A6DD-4C52-BFC1-23DDB52188E8}"
EndProject
Project("{FAE04EC0-301F-11D3-BF4B-00C04F79EFBC}") = "OODPrinciples", "OODPrinciples\OODPrinciples.csproj", "{9BC7DEE4-0146-4C44-A51D-BF1341FFA3BD}"
EndProject
Project("{FAE04EC0-301F-11D3-BF4B-00C04F79EFBC}") = "CreationalPattern", "CreationalPattern\CreationalPattern.csproj", "{9C363AC1-AAF3-45B2-B845-AE15FCA59ED8}"
EndProject
Global
	GlobalSection(SolutionConfigurationPlatforms) = preSolution
		Debug|Any CPU = Debug|Any CPU
		Release|Any CPU = Release|Any CPU
	EndGlobalSection
	GlobalSection(ProjectConfigurationPlatforms) = postSolution
		{C22D160C-EDD9-4121-9396-99CB2585D01F}.Debug|Any CPU.ActiveCfg = Debug|Any CPU
		{C22D160C-EDD9-4121-9396-99CB2585D01F}.Debug|Any CPU.Build.0 = Debug|Any CPU
		{C22D160C-EDD9-4121-9396-99CB2585D01F}.Release|Any CPU.ActiveCfg = Release|Any CPU
		{C22D160C-EDD9-4121-9396-99CB2585D01F}.Release|Any CPU.Build.0 = Release|Any CPU
		{BFC9E35F-8202-4BAA-BAE7-A3E36184A880}.Debug|Any CPU.ActiveCfg = Debug|Any CPU
		{BFC9E35F-8202-4BAA-BAE7-A3E36184A880}.Debug|Any CPU.Build.0 = Debug|Any CPU
		{BFC9E35F-8202-4BAA-BAE7-A3E36184A880}.Release|Any CPU.ActiveCfg = Release|Any CPU
		{BFC9E35F-8202-4BAA-BAE7-A3E36184A880}.Release|Any CPU.Build.0 = Release|Any CPU
		{AC454FAD-F465-4B1E-BB94-B64F58C9F726}.Debug|Any CPU.ActiveCfg = Debug|Any CPU
		{AC454FAD-F465-4B1E-BB94-B64F58C9F726}.Debug|Any CPU.Build.0 = Debug|Any CPU
		{AC454FAD-F465-4B1E-BB94-B64F58C9F726}.Release|Any CPU.ActiveCfg = Release|Any CPU
		{AC454FAD-F465-4B1E-BB94-B64F58C9F726}.Release|Any CPU.Build.0 = Release|Any CPU
		{ADF6F051-B45F-40C9-B603-E04476575C45}.Debug|Any CPU.ActiveCfg = Debug|Any CPU
		{ADF6F051-B45F-40C9-B603-E04476575C45}.Debug|Any CPU.Build.0 = Debug|Any CPU
		{ADF6F051-B45F-40C9-B603-E04476575C45}.Release|Any CPU.ActiveCfg = Release|Any CPU
		{ADF6F051-B45F-40C9-B603-E04476575C45}.Release|Any CPU.Build.0 = Release|Any CPU
		{0007BB76-FAA7-495F-AC95-B6046739809F}.Debug|Any CPU.ActiveCfg = Debug|Any CPU
		{0007BB76-FAA7-495F-AC95-B6046739809F}.Debug|Any CPU.Build.0 = Debug|Any CPU
		{0007BB76-FAA7-495F-AC95-B6046739809F}.Release|Any CPU.ActiveCfg = Release|Any CPU
		{0007BB76-FAA7-495F-AC95-B6046739809F}.Release|Any CPU.Build.0 = Release|Any CPU
		{2673A427-C5FA-49C1-9AC6-CAAF2DB7BB60}.Debug|Any CPU.ActiveCfg = Debug|Any CPU
		{2673A427-C5FA-49C1-9AC6-CAAF2DB7BB60}.Debug|Any CPU.Build.0 = Debug|Any CPU
		{2673A427-C5FA-49C1-9AC6-CAAF2DB7BB60}.Release|Any CPU.ActiveCfg = Release|Any CPU
		{2673A427-C5FA-49C1-9AC6-CAAF2DB7BB60}.Release|Any CPU.Build.0 = Release|Any CPU
		{E0DE9250-594E-401F-A7A3-2D7E5EE28DBE}.Debug|Any CPU.ActiveCfg = Debug|Any CPU
		{E0DE9250-594E-401F-A7A3-2D7E5EE28DBE}.Debug|Any CPU.Build.0 = Debug|Any CPU
		{E0DE9250-594E-401F-A7A3-2D7E5EE28DBE}.Release|Any CPU.ActiveCfg = Release|Any CPU
		{E0DE9250-594E-401F-A7A3-2D7E5EE28DBE}.Release|Any CPU.Build.0 = Release|Any CPU
		{3A53E2B5-A6DD-4C52-BFC1-23DDB52188E8}.Debug|Any CPU.ActiveCfg = Debug|Any CPU
		{3A53E2B5-A6DD-4C52-BFC1-23DDB52188E8}.Debug|Any CPU.Build.0 = Debug|Any CPU
		{3A53E2B5-A6DD-4C52-BFC1-23DDB52188E8}.Release|Any CPU.ActiveCfg = Release|Any CPU
		{3A53E2B5-A6DD-4C52-BFC1-23DDB52188E8}.Release|Any CPU.Build.0 = Release|Any CPU
		{9BC7DEE4-0146-4C44-A51D-BF1341FFA3BD}.Debug|Any CPU.ActiveCfg = Debug|Any CPU
		{9BC7DEE4-0146-4C44-A51D-BF1341FFA3BD}.Debug|Any CPU.Build.0 = Debug|Any CPU
		{9BC7DEE4-0146-4C44-A51D-BF1341FFA3BD}.Release|Any CPU.ActiveCfg = Release|Any CPU
		{9BC7DEE4-0146-4C44-A51D-BF1341FFA3BD}.Release|Any CPU.Build.0 = Release|Any CPU
		{9C363AC1-AAF3-45B2-B845-AE15FCA59ED8}.Debug|Any CPU.ActiveCfg = Debug|Any CPU
		{9C363AC1-AAF3-45B2-B845-AE15FCA59ED8}.Debug|Any CPU.Build.0 = Debug|Any CPU
		{9C363AC1-AAF3-45B2-B845-AE15FCA59ED8}.Release|Any CPU.ActiveCfg = Release|Any CPU
		{9C363AC1-AAF3-45B2-B845-AE15FCA59ED8}.Release|Any CPU.Build.0 = Release|Any CPU
	EndGlobalSection
	GlobalSection(SolutionProperties) = preSolution
		HideSolutionNode = FALSE
	EndGlobalSection
EndGlobal
