
Microsoft Visual Studio Solution File, Format Version 12.00
# Visual Studio Version 17
VisualStudioVersion = 17.8.34330.188
MinimumVisualStudioVersion = 10.0.40219.1
Project("{FAE04EC0-301F-11D3-BF4B-00C04F79EFBC}") = "A. Watermelon", "A. Watermelon\A. Watermelon.csproj", "{84A6A0B7-E5BF-425B-A798-8B57A485FD39}"
EndProject
Global
	GlobalSection(SolutionConfigurationPlatforms) = preSolution
		Debug|Any CPU = Debug|Any CPU
		Release|Any CPU = Release|Any CPU
	EndGlobalSection
	GlobalSection(ProjectConfigurationPlatforms) = postSolution
		{84A6A0B7-E5BF-425B-A798-8B57A485FD39}.Debug|Any CPU.ActiveCfg = Debug|Any CPU
		{84A6A0B7-E5BF-425B-A798-8B57A485FD39}.Debug|Any CPU.Build.0 = Debug|Any CPU
		{84A6A0B7-E5BF-425B-A798-8B57A485FD39}.Release|Any CPU.ActiveCfg = Release|Any CPU
		{84A6A0B7-E5BF-425B-A798-8B57A485FD39}.Release|Any CPU.Build.0 = Release|Any CPU
	EndGlobalSection
	GlobalSection(SolutionProperties) = preSolution
		HideSolutionNode = FALSE
	EndGlobalSection
	GlobalSection(ExtensibilityGlobals) = postSolution
		SolutionGuid = {8A5E5DF8-42A8-428C-9D53-B074476407D1}
	EndGlobalSection
EndGlobal
