
Microsoft Visual Studio Solution File, Format Version 12.00
# Visual Studio Version 18
VisualStudioVersion = 18.0.11205.157
MinimumVisualStudioVersion = 10.0.40219.1
Project("{FAE04EC0-301F-11D3-BF4B-00C04F79EFBC}") = "1000HelloWorld", "HelloWorld\1000HelloWorld.csproj", "{724BDFF0-6797-4FFA-A173-86F35720C186}"
EndProject
Project("{FAE04EC0-301F-11D3-BF4B-00C04F79EFBC}") = "1001ExtremelyBasic", "ExtremelyBasic\1001ExtremelyBasic.csproj", "{3BBC0EF6-E056-40CC-BDD7-D106342827AB}"
EndProject
Project("{FAE04EC0-301F-11D3-BF4B-00C04F79EFBC}") = "1002AreaOfACircle", "AreaOfACircle\1002AreaOfACircle.csproj", "{59B47A7F-79B8-4700-A7D7-77F61137899F}"
EndProject
Project("{FAE04EC0-301F-11D3-BF4B-00C04F79EFBC}") = "1004Simple Product", "1004Simple Product\1004Simple Product.csproj", "{10DD79DC-9BD0-4E40-88B6-CD52082D3AEE}"
EndProject
Project("{FAE04EC0-301F-11D3-BF4B-00C04F79EFBC}") = "1007Difference", "1007Difference\1007Difference.csproj", "{7C7E3B4A-B14B-4EAB-A825-608ABD2E3CD7}"
EndProject
Project("{FAE04EC0-301F-11D3-BF4B-00C04F79EFBC}") = "1008Salary", "1008Salary\1008Salary.csproj", "{C5BE47EB-A695-4B72-B0A4-ACF0924051DF}"
EndProject
Project("{FAE04EC0-301F-11D3-BF4B-00C04F79EFBC}") = "1009SalaryWithBonus", "1009SalaryWithBonus\1009SalaryWithBonus.csproj", "{5E658631-DB2A-401F-ADE9-FB8E3F62D21D}"
EndProject
Project("{FAE04EC0-301F-11D3-BF4B-00C04F79EFBC}") = "1010SimpleCalculate", "1010SimpleCalculate\1010SimpleCalculate.csproj", "{9691AF7B-89F0-4EE5-804C-3C1A9ACF8844}"
EndProject
Project("{FAE04EC0-301F-11D3-BF4B-00C04F79EFBC}") = "1011Sphere", "1011Sphere\1011Sphere.csproj", "{BAD0EB35-9F44-45DD-B62E-DE977BDB41D8}"
EndProject
Project("{FAE04EC0-301F-11D3-BF4B-00C04F79EFBC}") = "1012Area", "1012Area\1012Area.csproj", "{349FF0D7-945C-42B5-A7CA-B8B1508D46D4}"
EndProject
Project("{FAE04EC0-301F-11D3-BF4B-00C04F79EFBC}") = "1013TheGreatest", "1013TheGreatest\1013TheGreatest.csproj", "{068C8CD2-3A31-45FE-93B6-380D1158EECD}"
EndProject
Project("{FAE04EC0-301F-11D3-BF4B-00C04F79EFBC}") = "1014Consumption", "1014Consumption\1014Consumption.csproj", "{088E7D52-96B2-4F30-88BF-BB910D2A8D55}"
EndProject
Project("{FAE04EC0-301F-11D3-BF4B-00C04F79EFBC}") = "1035SelectionTest1", "1035SelectionTest1\1035SelectionTest1.csproj", "{23CF65BE-EDE6-4370-A559-AFC2C9CF9DA6}"
EndProject
Project("{FAE04EC0-301F-11D3-BF4B-00C04F79EFBC}") = "1019TimeConversion", "1019TimeConversion\1019TimeConversion.csproj", "{930919FF-361B-4112-AAD4-452E52DE8FA9}"
EndProject
Project("{FAE04EC0-301F-11D3-BF4B-00C04F79EFBC}") = "1015DistanceBetweenTwoPoints", "1015DistanceBetweenTwoPoints\1015DistanceBetweenTwoPoints.csproj", "{01051E20-A7EC-480D-9E34-9EA22011FC83}"
EndProject
Project("{FAE04EC0-301F-11D3-BF4B-00C04F79EFBC}") = "1016Distance", "1016Distance\1016Distance.csproj", "{B55AB759-EC5C-43B2-973D-E9014F2A4749}"
EndProject
Project("{FAE04EC0-301F-11D3-BF4B-00C04F79EFBC}") = "1017FuelSpent", "1017FuelSpent\1017FuelSpent.csproj", "{47AAA8A5-1F89-46C2-A73F-79AFF5C2347F}"
EndProject
Project("{FAE04EC0-301F-11D3-BF4B-00C04F79EFBC}") = "1020AgeInDays", "1020AgeInDays\1020AgeInDays.csproj", "{3D283C97-1557-4FC6-B915-E1BDE937F4E3}"
EndProject
Project("{FAE04EC0-301F-11D3-BF4B-00C04F79EFBC}") = "1018Banknotes", "1018Banknotes\1018Banknotes.csproj", "{76BF3E79-02C3-48BA-BC69-5E3C61B92C57}"
EndProject
Project("{FAE04EC0-301F-11D3-BF4B-00C04F79EFBC}") = "1021BanknotesAndCoins", "1021BanknotesAndCoins\1021BanknotesAndCoins.csproj", "{0D57B284-6D97-4348-88BD-D896DA6D14CC}"
EndProject
Project("{FAE04EC0-301F-11D3-BF4B-00C04F79EFBC}") = "1036Bhaskara'sFormula", "1036Bhaskara'sFormula\1036Bhaskara'sFormula.csproj", "{6DB077E3-CCCC-490A-B32F-306CE0789D1F}"
EndProject
Project("{FAE04EC0-301F-11D3-BF4B-00C04F79EFBC}") = "1037Interval", "1037Interval\1037Interval.csproj", "{42FC689A-0E95-4884-BDBE-E80B8AADABD5}"
EndProject
Project("{FAE04EC0-301F-11D3-BF4B-00C04F79EFBC}") = "1005Average1", "1005Average1\1005Average1.csproj", "{A5C624B3-0036-4889-83F7-DAACA75BA022}"
EndProject
Project("{FAE04EC0-301F-11D3-BF4B-00C04F79EFBC}") = "1006Average2", "1006Average2\1006Average2.csproj", "{125AD460-EE0F-4210-9526-D45C11C57178}"
EndProject
Project("{FAE04EC0-301F-11D3-BF4B-00C04F79EFBC}") = "1073EvenSquare", "1073EvenSquare\1073EvenSquare.csproj", "{088D24E3-29C8-4749-8B6F-936D201BEDD8}"
EndProject
Project("{FAE04EC0-301F-11D3-BF4B-00C04F79EFBC}") = "1072Interval2", "1072Interval2\1072Interval2.csproj", "{7466DB2F-3FE2-414C-9030-1014E83CF98F}"
EndProject
Project("{FAE04EC0-301F-11D3-BF4B-00C04F79EFBC}") = "1071SumofConsecutiveOddNumbersI", "1071SumofConsecutiveOddNumbersI\1071SumofConsecutiveOddNumbersI.csproj", "{1F071A3E-85D7-4630-B66F-A08E1BAACD4F}"
EndProject
Project("{FAE04EC0-301F-11D3-BF4B-00C04F79EFBC}") = "1070SixOddNumbers", "1070SixOddNumbers\1070SixOddNumbers.csproj", "{200DD915-1448-4E8D-AEED-ECD5415869A9}"
EndProject
Project("{FAE04EC0-301F-11D3-BF4B-00C04F79EFBC}") = "1067OddNumbers", "1067OddNumbers\1067OddNumbers.csproj", "{CEA9EE2A-3ED3-40EE-95C7-21BCFB78FC61}"
EndProject
Project("{FAE04EC0-301F-11D3-BF4B-00C04F79EFBC}") = "1064PositivesAndAverage", "1064PositivesAndAverage\1064PositivesAndAverage.csproj", "{ED470D9A-80C3-4D0F-ADDF-507253548F5C}"
EndProject
Project("{FAE04EC0-301F-11D3-BF4B-00C04F79EFBC}") = "1061EventTime", "1061EventTime\1061EventTime.csproj", "{39B66A84-A5E7-46BB-83A0-A463B850FE9F}"
EndProject
Project("{FAE04EC0-301F-11D3-BF4B-00C04F79EFBC}") = "1049Animal", "1049Animal\1049Animal.csproj", "{875B50F7-D726-470E-98E4-873574BA2484}"
EndProject
Project("{FAE04EC0-301F-11D3-BF4B-00C04F79EFBC}") = "1064GameTime", "1064GameTime\1064GameTime.csproj", "{05B7CDFC-F0AF-4B43-AB04-B6D3B76FDBBF}"
EndProject
Project("{FAE04EC0-301F-11D3-BF4B-00C04F79EFBC}") = "1038Snack", "1038Snack\1038Snack.csproj", "{17B1DC0A-BCE3-4B26-9781-092CB9981708}"
EndProject
Project("{FAE04EC0-301F-11D3-BF4B-00C04F79EFBC}") = "1040Average3", "1040Average3\1040Average3.csproj", "{17F44468-AFFA-40EC-B301-5EC428125B48}"
EndProject
Project("{FAE04EC0-301F-11D3-BF4B-00C04F79EFBC}") = "1041CoordinatesOfAPoint", "1041CoordinatesOfAPoint\1041CoordinatesOfAPoint.csproj", "{9CBADD42-7BC1-48A5-B159-45FD78EA9785}"
EndProject
Project("{FAE04EC0-301F-11D3-BF4B-00C04F79EFBC}") = "1042SimpleSort", "1042SimpleSort\1042SimpleSort.csproj", "{BDB134C4-437B-40C7-81AB-7E1716E25383}"
EndProject
Project("{FAE04EC0-301F-11D3-BF4B-00C04F79EFBC}") = "1043Triangle", "1043Triangle\1043Triangle.csproj", "{2C271AF1-3F59-453A-BBD7-77A2807064F2}"
EndProject
Project("{FAE04EC0-301F-11D3-BF4B-00C04F79EFBC}") = "1044Multiples", "1044Multiples\1044Multiples.csproj", "{EF100D9E-D899-492D-9327-5392C51DF108}"
EndProject
Project("{FAE04EC0-301F-11D3-BF4B-00C04F79EFBC}") = "1045TriangleTypes", "1045TriangleTypes\1045TriangleTypes.csproj", "{F2524E48-D23B-47CE-ADDE-C65AFC04BA15}"
EndProject
Project("{FAE04EC0-301F-11D3-BF4B-00C04F79EFBC}") = "1046GameTime", "1046GameTime\1046GameTime.csproj", "{35F5D617-4C94-4086-9B3E-374599CBC3FA}"
EndProject
Project("{FAE04EC0-301F-11D3-BF4B-00C04F79EFBC}") = "1047GameTimeWithMinutes", "1047GameTimeWithMinutes\1047GameTimeWithMinutes.csproj", "{725703CA-55E8-4DCD-B419-4D29349C901D}"
EndProject
Project("{FAE04EC0-301F-11D3-BF4B-00C04F79EFBC}") = "1048SalaryIncrease", "1048SalaryIncrease\1048SalaryIncrease.csproj", "{50C7AB40-2976-45E7-A9F1-2E65F92912E7}"
EndProject
Project("{FAE04EC0-301F-11D3-BF4B-00C04F79EFBC}") = "1050DDD", "1050DDD\1050DDD.csproj", "{07849770-9154-4FAD-9AE7-34CC74E45319}"
EndProject
Project("{FAE04EC0-301F-11D3-BF4B-00C04F79EFBC}") = "1051Taxes", "1051Taxes\1051Taxes.csproj", "{4DE1943A-83DD-401F-885F-2E59543A8E24}"
EndProject
Project("{FAE04EC0-301F-11D3-BF4B-00C04F79EFBC}") = "1052Month", "1052Month\1052Month.csproj", "{2D170EA4-7129-42FB-84B8-6DE6B7215352}"
EndProject
Project("{FAE04EC0-301F-11D3-BF4B-00C04F79EFBC}") = "1059EvenNumbers", "1059EvenNumbers\1059EvenNumbers.csproj", "{06D85FBE-BE31-42E6-AAFF-000392780CEA}"
EndProject
Project("{FAE04EC0-301F-11D3-BF4B-00C04F79EFBC}") = "1060PositiveNumbers", "1060PositiveNumbers\1060PositiveNumbers.csproj", "{A0A4D619-6A87-4566-AD85-4BDD8158642B}"
EndProject
Project("{FAE04EC0-301F-11D3-BF4B-00C04F79EFBC}") = "1065EvenBetweenFiveNumbers", "1065EvenBetweenFiveNumbers\1065EvenBetweenFiveNumbers.csproj", "{BCD88337-4F14-4CDF-8D93-51C5F76317A7}"
EndProject
Project("{FAE04EC0-301F-11D3-BF4B-00C04F79EFBC}") = "1066Even,Odd,PositiveAndNegative", "1066Even,Odd,PositiveAndNegative\1066Even,Odd,PositiveAndNegative.csproj", "{671682FC-C626-4067-8FD8-4D31ED766C9F}"
EndProject
Project("{FAE04EC0-301F-11D3-BF4B-00C04F79EFBC}") = "1074EvenOrOdd", "1074EvenOrOdd\1074EvenOrOdd.csproj", "{3113EF20-FFF4-4EE8-8F4C-57755CE80A95}"
EndProject
Project("{FAE04EC0-301F-11D3-BF4B-00C04F79EFBC}") = "1078MultiplicationTable", "1078MultiplicationTable\1078MultiplicationTable.csproj", "{543E3F0B-AC84-4A5B-BD31-82999828B9E0}"
EndProject
Global
	GlobalSection(SolutionConfigurationPlatforms) = preSolution
		Debug|Any CPU = Debug|Any CPU
		Release|Any CPU = Release|Any CPU
	EndGlobalSection
	GlobalSection(ProjectConfigurationPlatforms) = postSolution
		{724BDFF0-6797-4FFA-A173-86F35720C186}.Debug|Any CPU.ActiveCfg = Debug|Any CPU
		{724BDFF0-6797-4FFA-A173-86F35720C186}.Debug|Any CPU.Build.0 = Debug|Any CPU
		{724BDFF0-6797-4FFA-A173-86F35720C186}.Release|Any CPU.ActiveCfg = Release|Any CPU
		{724BDFF0-6797-4FFA-A173-86F35720C186}.Release|Any CPU.Build.0 = Release|Any CPU
		{3BBC0EF6-E056-40CC-BDD7-D106342827AB}.Debug|Any CPU.ActiveCfg = Debug|Any CPU
		{3BBC0EF6-E056-40CC-BDD7-D106342827AB}.Debug|Any CPU.Build.0 = Debug|Any CPU
		{3BBC0EF6-E056-40CC-BDD7-D106342827AB}.Release|Any CPU.ActiveCfg = Release|Any CPU
		{3BBC0EF6-E056-40CC-BDD7-D106342827AB}.Release|Any CPU.Build.0 = Release|Any CPU
		{59B47A7F-79B8-4700-A7D7-77F61137899F}.Debug|Any CPU.ActiveCfg = Debug|Any CPU
		{59B47A7F-79B8-4700-A7D7-77F61137899F}.Debug|Any CPU.Build.0 = Debug|Any CPU
		{59B47A7F-79B8-4700-A7D7-77F61137899F}.Release|Any CPU.ActiveCfg = Release|Any CPU
		{59B47A7F-79B8-4700-A7D7-77F61137899F}.Release|Any CPU.Build.0 = Release|Any CPU
		{10DD79DC-9BD0-4E40-88B6-CD52082D3AEE}.Debug|Any CPU.ActiveCfg = Debug|Any CPU
		{10DD79DC-9BD0-4E40-88B6-CD52082D3AEE}.Debug|Any CPU.Build.0 = Debug|Any CPU
		{10DD79DC-9BD0-4E40-88B6-CD52082D3AEE}.Release|Any CPU.ActiveCfg = Release|Any CPU
		{10DD79DC-9BD0-4E40-88B6-CD52082D3AEE}.Release|Any CPU.Build.0 = Release|Any CPU
		{7C7E3B4A-B14B-4EAB-A825-608ABD2E3CD7}.Debug|Any CPU.ActiveCfg = Debug|Any CPU
		{7C7E3B4A-B14B-4EAB-A825-608ABD2E3CD7}.Debug|Any CPU.Build.0 = Debug|Any CPU
		{7C7E3B4A-B14B-4EAB-A825-608ABD2E3CD7}.Release|Any CPU.ActiveCfg = Release|Any CPU
		{7C7E3B4A-B14B-4EAB-A825-608ABD2E3CD7}.Release|Any CPU.Build.0 = Release|Any CPU
		{C5BE47EB-A695-4B72-B0A4-ACF0924051DF}.Debug|Any CPU.ActiveCfg = Debug|Any CPU
		{C5BE47EB-A695-4B72-B0A4-ACF0924051DF}.Debug|Any CPU.Build.0 = Debug|Any CPU
		{C5BE47EB-A695-4B72-B0A4-ACF0924051DF}.Release|Any CPU.ActiveCfg = Release|Any CPU
		{C5BE47EB-A695-4B72-B0A4-ACF0924051DF}.Release|Any CPU.Build.0 = Release|Any CPU
		{5E658631-DB2A-401F-ADE9-FB8E3F62D21D}.Debug|Any CPU.ActiveCfg = Debug|Any CPU
		{5E658631-DB2A-401F-ADE9-FB8E3F62D21D}.Debug|Any CPU.Build.0 = Debug|Any CPU
		{5E658631-DB2A-401F-ADE9-FB8E3F62D21D}.Release|Any CPU.ActiveCfg = Release|Any CPU
		{5E658631-DB2A-401F-ADE9-FB8E3F62D21D}.Release|Any CPU.Build.0 = Release|Any CPU
		{9691AF7B-89F0-4EE5-804C-3C1A9ACF8844}.Debug|Any CPU.ActiveCfg = Debug|Any CPU
		{9691AF7B-89F0-4EE5-804C-3C1A9ACF8844}.Debug|Any CPU.Build.0 = Debug|Any CPU
		{9691AF7B-89F0-4EE5-804C-3C1A9ACF8844}.Release|Any CPU.ActiveCfg = Release|Any CPU
		{9691AF7B-89F0-4EE5-804C-3C1A9ACF8844}.Release|Any CPU.Build.0 = Release|Any CPU
		{BAD0EB35-9F44-45DD-B62E-DE977BDB41D8}.Debug|Any CPU.ActiveCfg = Debug|Any CPU
		{BAD0EB35-9F44-45DD-B62E-DE977BDB41D8}.Debug|Any CPU.Build.0 = Debug|Any CPU
		{BAD0EB35-9F44-45DD-B62E-DE977BDB41D8}.Release|Any CPU.ActiveCfg = Release|Any CPU
		{BAD0EB35-9F44-45DD-B62E-DE977BDB41D8}.Release|Any CPU.Build.0 = Release|Any CPU
		{349FF0D7-945C-42B5-A7CA-B8B1508D46D4}.Debug|Any CPU.ActiveCfg = Debug|Any CPU
		{349FF0D7-945C-42B5-A7CA-B8B1508D46D4}.Debug|Any CPU.Build.0 = Debug|Any CPU
		{349FF0D7-945C-42B5-A7CA-B8B1508D46D4}.Release|Any CPU.ActiveCfg = Release|Any CPU
		{349FF0D7-945C-42B5-A7CA-B8B1508D46D4}.Release|Any CPU.Build.0 = Release|Any CPU
		{068C8CD2-3A31-45FE-93B6-380D1158EECD}.Debug|Any CPU.ActiveCfg = Debug|Any CPU
		{068C8CD2-3A31-45FE-93B6-380D1158EECD}.Debug|Any CPU.Build.0 = Debug|Any CPU
		{068C8CD2-3A31-45FE-93B6-380D1158EECD}.Release|Any CPU.ActiveCfg = Release|Any CPU
		{068C8CD2-3A31-45FE-93B6-380D1158EECD}.Release|Any CPU.Build.0 = Release|Any CPU
		{088E7D52-96B2-4F30-88BF-BB910D2A8D55}.Debug|Any CPU.ActiveCfg = Debug|Any CPU
		{088E7D52-96B2-4F30-88BF-BB910D2A8D55}.Debug|Any CPU.Build.0 = Debug|Any CPU
		{088E7D52-96B2-4F30-88BF-BB910D2A8D55}.Release|Any CPU.ActiveCfg = Release|Any CPU
		{088E7D52-96B2-4F30-88BF-BB910D2A8D55}.Release|Any CPU.Build.0 = Release|Any CPU
		{23CF65BE-EDE6-4370-A559-AFC2C9CF9DA6}.Debug|Any CPU.ActiveCfg = Debug|Any CPU
		{23CF65BE-EDE6-4370-A559-AFC2C9CF9DA6}.Debug|Any CPU.Build.0 = Debug|Any CPU
		{23CF65BE-EDE6-4370-A559-AFC2C9CF9DA6}.Release|Any CPU.ActiveCfg = Release|Any CPU
		{23CF65BE-EDE6-4370-A559-AFC2C9CF9DA6}.Release|Any CPU.Build.0 = Release|Any CPU
		{930919FF-361B-4112-AAD4-452E52DE8FA9}.Debug|Any CPU.ActiveCfg = Debug|Any CPU
		{930919FF-361B-4112-AAD4-452E52DE8FA9}.Debug|Any CPU.Build.0 = Debug|Any CPU
		{930919FF-361B-4112-AAD4-452E52DE8FA9}.Release|Any CPU.ActiveCfg = Release|Any CPU
		{930919FF-361B-4112-AAD4-452E52DE8FA9}.Release|Any CPU.Build.0 = Release|Any CPU
		{01051E20-A7EC-480D-9E34-9EA22011FC83}.Debug|Any CPU.ActiveCfg = Debug|Any CPU
		{01051E20-A7EC-480D-9E34-9EA22011FC83}.Debug|Any CPU.Build.0 = Debug|Any CPU
		{01051E20-A7EC-480D-9E34-9EA22011FC83}.Release|Any CPU.ActiveCfg = Release|Any CPU
		{01051E20-A7EC-480D-9E34-9EA22011FC83}.Release|Any CPU.Build.0 = Release|Any CPU
		{B55AB759-EC5C-43B2-973D-E9014F2A4749}.Debug|Any CPU.ActiveCfg = Debug|Any CPU
		{B55AB759-EC5C-43B2-973D-E9014F2A4749}.Debug|Any CPU.Build.0 = Debug|Any CPU
		{B55AB759-EC5C-43B2-973D-E9014F2A4749}.Release|Any CPU.ActiveCfg = Release|Any CPU
		{B55AB759-EC5C-43B2-973D-E9014F2A4749}.Release|Any CPU.Build.0 = Release|Any CPU
		{47AAA8A5-1F89-46C2-A73F-79AFF5C2347F}.Debug|Any CPU.ActiveCfg = Debug|Any CPU
		{47AAA8A5-1F89-46C2-A73F-79AFF5C2347F}.Debug|Any CPU.Build.0 = Debug|Any CPU
		{47AAA8A5-1F89-46C2-A73F-79AFF5C2347F}.Release|Any CPU.ActiveCfg = Release|Any CPU
		{47AAA8A5-1F89-46C2-A73F-79AFF5C2347F}.Release|Any CPU.Build.0 = Release|Any CPU
		{3D283C97-1557-4FC6-B915-E1BDE937F4E3}.Debug|Any CPU.ActiveCfg = Debug|Any CPU
		{3D283C97-1557-4FC6-B915-E1BDE937F4E3}.Debug|Any CPU.Build.0 = Debug|Any CPU
		{3D283C97-1557-4FC6-B915-E1BDE937F4E3}.Release|Any CPU.ActiveCfg = Release|Any CPU
		{3D283C97-1557-4FC6-B915-E1BDE937F4E3}.Release|Any CPU.Build.0 = Release|Any CPU
		{76BF3E79-02C3-48BA-BC69-5E3C61B92C57}.Debug|Any CPU.ActiveCfg = Debug|Any CPU
		{76BF3E79-02C3-48BA-BC69-5E3C61B92C57}.Debug|Any CPU.Build.0 = Debug|Any CPU
		{76BF3E79-02C3-48BA-BC69-5E3C61B92C57}.Release|Any CPU.ActiveCfg = Release|Any CPU
		{76BF3E79-02C3-48BA-BC69-5E3C61B92C57}.Release|Any CPU.Build.0 = Release|Any CPU
		{0D57B284-6D97-4348-88BD-D896DA6D14CC}.Debug|Any CPU.ActiveCfg = Debug|Any CPU
		{0D57B284-6D97-4348-88BD-D896DA6D14CC}.Debug|Any CPU.Build.0 = Debug|Any CPU
		{0D57B284-6D97-4348-88BD-D896DA6D14CC}.Release|Any CPU.ActiveCfg = Release|Any CPU
		{0D57B284-6D97-4348-88BD-D896DA6D14CC}.Release|Any CPU.Build.0 = Release|Any CPU
		{6DB077E3-CCCC-490A-B32F-306CE0789D1F}.Debug|Any CPU.ActiveCfg = Debug|Any CPU
		{6DB077E3-CCCC-490A-B32F-306CE0789D1F}.Debug|Any CPU.Build.0 = Debug|Any CPU
		{6DB077E3-CCCC-490A-B32F-306CE0789D1F}.Release|Any CPU.ActiveCfg = Release|Any CPU
		{6DB077E3-CCCC-490A-B32F-306CE0789D1F}.Release|Any CPU.Build.0 = Release|Any CPU
		{42FC689A-0E95-4884-BDBE-E80B8AADABD5}.Debug|Any CPU.ActiveCfg = Debug|Any CPU
		{42FC689A-0E95-4884-BDBE-E80B8AADABD5}.Debug|Any CPU.Build.0 = Debug|Any CPU
		{42FC689A-0E95-4884-BDBE-E80B8AADABD5}.Release|Any CPU.ActiveCfg = Release|Any CPU
		{42FC689A-0E95-4884-BDBE-E80B8AADABD5}.Release|Any CPU.Build.0 = Release|Any CPU
		{A5C624B3-0036-4889-83F7-DAACA75BA022}.Debug|Any CPU.ActiveCfg = Debug|Any CPU
		{A5C624B3-0036-4889-83F7-DAACA75BA022}.Debug|Any CPU.Build.0 = Debug|Any CPU
		{A5C624B3-0036-4889-83F7-DAACA75BA022}.Release|Any CPU.ActiveCfg = Release|Any CPU
		{A5C624B3-0036-4889-83F7-DAACA75BA022}.Release|Any CPU.Build.0 = Release|Any CPU
		{125AD460-EE0F-4210-9526-D45C11C57178}.Debug|Any CPU.ActiveCfg = Debug|Any CPU
		{125AD460-EE0F-4210-9526-D45C11C57178}.Debug|Any CPU.Build.0 = Debug|Any CPU
		{125AD460-EE0F-4210-9526-D45C11C57178}.Release|Any CPU.ActiveCfg = Release|Any CPU
		{125AD460-EE0F-4210-9526-D45C11C57178}.Release|Any CPU.Build.0 = Release|Any CPU
		{088D24E3-29C8-4749-8B6F-936D201BEDD8}.Debug|Any CPU.ActiveCfg = Debug|Any CPU
		{088D24E3-29C8-4749-8B6F-936D201BEDD8}.Debug|Any CPU.Build.0 = Debug|Any CPU
		{088D24E3-29C8-4749-8B6F-936D201BEDD8}.Release|Any CPU.ActiveCfg = Release|Any CPU
		{088D24E3-29C8-4749-8B6F-936D201BEDD8}.Release|Any CPU.Build.0 = Release|Any CPU
		{7466DB2F-3FE2-414C-9030-1014E83CF98F}.Debug|Any CPU.ActiveCfg = Debug|Any CPU
		{7466DB2F-3FE2-414C-9030-1014E83CF98F}.Debug|Any CPU.Build.0 = Debug|Any CPU
		{7466DB2F-3FE2-414C-9030-1014E83CF98F}.Release|Any CPU.ActiveCfg = Release|Any CPU
		{7466DB2F-3FE2-414C-9030-1014E83CF98F}.Release|Any CPU.Build.0 = Release|Any CPU
		{1F071A3E-85D7-4630-B66F-A08E1BAACD4F}.Debug|Any CPU.ActiveCfg = Debug|Any CPU
		{1F071A3E-85D7-4630-B66F-A08E1BAACD4F}.Debug|Any CPU.Build.0 = Debug|Any CPU
		{1F071A3E-85D7-4630-B66F-A08E1BAACD4F}.Release|Any CPU.ActiveCfg = Release|Any CPU
		{1F071A3E-85D7-4630-B66F-A08E1BAACD4F}.Release|Any CPU.Build.0 = Release|Any CPU
		{200DD915-1448-4E8D-AEED-ECD5415869A9}.Debug|Any CPU.ActiveCfg = Debug|Any CPU
		{200DD915-1448-4E8D-AEED-ECD5415869A9}.Debug|Any CPU.Build.0 = Debug|Any CPU
		{200DD915-1448-4E8D-AEED-ECD5415869A9}.Release|Any CPU.ActiveCfg = Release|Any CPU
		{200DD915-1448-4E8D-AEED-ECD5415869A9}.Release|Any CPU.Build.0 = Release|Any CPU
		{CEA9EE2A-3ED3-40EE-95C7-21BCFB78FC61}.Debug|Any CPU.ActiveCfg = Debug|Any CPU
		{CEA9EE2A-3ED3-40EE-95C7-21BCFB78FC61}.Debug|Any CPU.Build.0 = Debug|Any CPU
		{CEA9EE2A-3ED3-40EE-95C7-21BCFB78FC61}.Release|Any CPU.ActiveCfg = Release|Any CPU
		{CEA9EE2A-3ED3-40EE-95C7-21BCFB78FC61}.Release|Any CPU.Build.0 = Release|Any CPU
		{ED470D9A-80C3-4D0F-ADDF-507253548F5C}.Debug|Any CPU.ActiveCfg = Debug|Any CPU
		{ED470D9A-80C3-4D0F-ADDF-507253548F5C}.Debug|Any CPU.Build.0 = Debug|Any CPU
		{ED470D9A-80C3-4D0F-ADDF-507253548F5C}.Release|Any CPU.ActiveCfg = Release|Any CPU
		{ED470D9A-80C3-4D0F-ADDF-507253548F5C}.Release|Any CPU.Build.0 = Release|Any CPU
		{39B66A84-A5E7-46BB-83A0-A463B850FE9F}.Debug|Any CPU.ActiveCfg = Debug|Any CPU
		{39B66A84-A5E7-46BB-83A0-A463B850FE9F}.Debug|Any CPU.Build.0 = Debug|Any CPU
		{39B66A84-A5E7-46BB-83A0-A463B850FE9F}.Release|Any CPU.ActiveCfg = Release|Any CPU
		{39B66A84-A5E7-46BB-83A0-A463B850FE9F}.Release|Any CPU.Build.0 = Release|Any CPU
		{875B50F7-D726-470E-98E4-873574BA2484}.Debug|Any CPU.ActiveCfg = Debug|Any CPU
		{875B50F7-D726-470E-98E4-873574BA2484}.Debug|Any CPU.Build.0 = Debug|Any CPU
		{875B50F7-D726-470E-98E4-873574BA2484}.Release|Any CPU.ActiveCfg = Release|Any CPU
		{875B50F7-D726-470E-98E4-873574BA2484}.Release|Any CPU.Build.0 = Release|Any CPU
		{05B7CDFC-F0AF-4B43-AB04-B6D3B76FDBBF}.Debug|Any CPU.ActiveCfg = Debug|Any CPU
		{05B7CDFC-F0AF-4B43-AB04-B6D3B76FDBBF}.Debug|Any CPU.Build.0 = Debug|Any CPU
		{05B7CDFC-F0AF-4B43-AB04-B6D3B76FDBBF}.Release|Any CPU.ActiveCfg = Release|Any CPU
		{05B7CDFC-F0AF-4B43-AB04-B6D3B76FDBBF}.Release|Any CPU.Build.0 = Release|Any CPU
		{17B1DC0A-BCE3-4B26-9781-092CB9981708}.Debug|Any CPU.ActiveCfg = Debug|Any CPU
		{17B1DC0A-BCE3-4B26-9781-092CB9981708}.Debug|Any CPU.Build.0 = Debug|Any CPU
		{17B1DC0A-BCE3-4B26-9781-092CB9981708}.Release|Any CPU.ActiveCfg = Release|Any CPU
		{17B1DC0A-BCE3-4B26-9781-092CB9981708}.Release|Any CPU.Build.0 = Release|Any CPU
		{17F44468-AFFA-40EC-B301-5EC428125B48}.Debug|Any CPU.ActiveCfg = Debug|Any CPU
		{17F44468-AFFA-40EC-B301-5EC428125B48}.Debug|Any CPU.Build.0 = Debug|Any CPU
		{17F44468-AFFA-40EC-B301-5EC428125B48}.Release|Any CPU.ActiveCfg = Release|Any CPU
		{17F44468-AFFA-40EC-B301-5EC428125B48}.Release|Any CPU.Build.0 = Release|Any CPU
		{9CBADD42-7BC1-48A5-B159-45FD78EA9785}.Debug|Any CPU.ActiveCfg = Debug|Any CPU
		{9CBADD42-7BC1-48A5-B159-45FD78EA9785}.Debug|Any CPU.Build.0 = Debug|Any CPU
		{9CBADD42-7BC1-48A5-B159-45FD78EA9785}.Release|Any CPU.ActiveCfg = Release|Any CPU
		{9CBADD42-7BC1-48A5-B159-45FD78EA9785}.Release|Any CPU.Build.0 = Release|Any CPU
		{BDB134C4-437B-40C7-81AB-7E1716E25383}.Debug|Any CPU.ActiveCfg = Debug|Any CPU
		{BDB134C4-437B-40C7-81AB-7E1716E25383}.Debug|Any CPU.Build.0 = Debug|Any CPU
		{BDB134C4-437B-40C7-81AB-7E1716E25383}.Release|Any CPU.ActiveCfg = Release|Any CPU
		{BDB134C4-437B-40C7-81AB-7E1716E25383}.Release|Any CPU.Build.0 = Release|Any CPU
		{2C271AF1-3F59-453A-BBD7-77A2807064F2}.Debug|Any CPU.ActiveCfg = Debug|Any CPU
		{2C271AF1-3F59-453A-BBD7-77A2807064F2}.Debug|Any CPU.Build.0 = Debug|Any CPU
		{2C271AF1-3F59-453A-BBD7-77A2807064F2}.Release|Any CPU.ActiveCfg = Release|Any CPU
		{2C271AF1-3F59-453A-BBD7-77A2807064F2}.Release|Any CPU.Build.0 = Release|Any CPU
		{EF100D9E-D899-492D-9327-5392C51DF108}.Debug|Any CPU.ActiveCfg = Debug|Any CPU
		{EF100D9E-D899-492D-9327-5392C51DF108}.Debug|Any CPU.Build.0 = Debug|Any CPU
		{EF100D9E-D899-492D-9327-5392C51DF108}.Release|Any CPU.ActiveCfg = Release|Any CPU
		{EF100D9E-D899-492D-9327-5392C51DF108}.Release|Any CPU.Build.0 = Release|Any CPU
		{F2524E48-D23B-47CE-ADDE-C65AFC04BA15}.Debug|Any CPU.ActiveCfg = Debug|Any CPU
		{F2524E48-D23B-47CE-ADDE-C65AFC04BA15}.Debug|Any CPU.Build.0 = Debug|Any CPU
		{F2524E48-D23B-47CE-ADDE-C65AFC04BA15}.Release|Any CPU.ActiveCfg = Release|Any CPU
		{F2524E48-D23B-47CE-ADDE-C65AFC04BA15}.Release|Any CPU.Build.0 = Release|Any CPU
		{35F5D617-4C94-4086-9B3E-374599CBC3FA}.Debug|Any CPU.ActiveCfg = Debug|Any CPU
		{35F5D617-4C94-4086-9B3E-374599CBC3FA}.Debug|Any CPU.Build.0 = Debug|Any CPU
		{35F5D617-4C94-4086-9B3E-374599CBC3FA}.Release|Any CPU.ActiveCfg = Release|Any CPU
		{35F5D617-4C94-4086-9B3E-374599CBC3FA}.Release|Any CPU.Build.0 = Release|Any CPU
		{725703CA-55E8-4DCD-B419-4D29349C901D}.Debug|Any CPU.ActiveCfg = Debug|Any CPU
		{725703CA-55E8-4DCD-B419-4D29349C901D}.Debug|Any CPU.Build.0 = Debug|Any CPU
		{725703CA-55E8-4DCD-B419-4D29349C901D}.Release|Any CPU.ActiveCfg = Release|Any CPU
		{725703CA-55E8-4DCD-B419-4D29349C901D}.Release|Any CPU.Build.0 = Release|Any CPU
		{50C7AB40-2976-45E7-A9F1-2E65F92912E7}.Debug|Any CPU.ActiveCfg = Debug|Any CPU
		{50C7AB40-2976-45E7-A9F1-2E65F92912E7}.Debug|Any CPU.Build.0 = Debug|Any CPU
		{50C7AB40-2976-45E7-A9F1-2E65F92912E7}.Release|Any CPU.ActiveCfg = Release|Any CPU
		{50C7AB40-2976-45E7-A9F1-2E65F92912E7}.Release|Any CPU.Build.0 = Release|Any CPU
		{07849770-9154-4FAD-9AE7-34CC74E45319}.Debug|Any CPU.ActiveCfg = Debug|Any CPU
		{07849770-9154-4FAD-9AE7-34CC74E45319}.Debug|Any CPU.Build.0 = Debug|Any CPU
		{07849770-9154-4FAD-9AE7-34CC74E45319}.Release|Any CPU.ActiveCfg = Release|Any CPU
		{07849770-9154-4FAD-9AE7-34CC74E45319}.Release|Any CPU.Build.0 = Release|Any CPU
		{4DE1943A-83DD-401F-885F-2E59543A8E24}.Debug|Any CPU.ActiveCfg = Debug|Any CPU
		{4DE1943A-83DD-401F-885F-2E59543A8E24}.Debug|Any CPU.Build.0 = Debug|Any CPU
		{4DE1943A-83DD-401F-885F-2E59543A8E24}.Release|Any CPU.ActiveCfg = Release|Any CPU
		{4DE1943A-83DD-401F-885F-2E59543A8E24}.Release|Any CPU.Build.0 = Release|Any CPU
		{2D170EA4-7129-42FB-84B8-6DE6B7215352}.Debug|Any CPU.ActiveCfg = Debug|Any CPU
		{2D170EA4-7129-42FB-84B8-6DE6B7215352}.Debug|Any CPU.Build.0 = Debug|Any CPU
		{2D170EA4-7129-42FB-84B8-6DE6B7215352}.Release|Any CPU.ActiveCfg = Release|Any CPU
		{2D170EA4-7129-42FB-84B8-6DE6B7215352}.Release|Any CPU.Build.0 = Release|Any CPU
		{06D85FBE-BE31-42E6-AAFF-000392780CEA}.Debug|Any CPU.ActiveCfg = Debug|Any CPU
		{06D85FBE-BE31-42E6-AAFF-000392780CEA}.Debug|Any CPU.Build.0 = Debug|Any CPU
		{06D85FBE-BE31-42E6-AAFF-000392780CEA}.Release|Any CPU.ActiveCfg = Release|Any CPU
		{06D85FBE-BE31-42E6-AAFF-000392780CEA}.Release|Any CPU.Build.0 = Release|Any CPU
		{A0A4D619-6A87-4566-AD85-4BDD8158642B}.Debug|Any CPU.ActiveCfg = Debug|Any CPU
		{A0A4D619-6A87-4566-AD85-4BDD8158642B}.Debug|Any CPU.Build.0 = Debug|Any CPU
		{A0A4D619-6A87-4566-AD85-4BDD8158642B}.Release|Any CPU.ActiveCfg = Release|Any CPU
		{A0A4D619-6A87-4566-AD85-4BDD8158642B}.Release|Any CPU.Build.0 = Release|Any CPU
		{BCD88337-4F14-4CDF-8D93-51C5F76317A7}.Debug|Any CPU.ActiveCfg = Debug|Any CPU
		{BCD88337-4F14-4CDF-8D93-51C5F76317A7}.Debug|Any CPU.Build.0 = Debug|Any CPU
		{BCD88337-4F14-4CDF-8D93-51C5F76317A7}.Release|Any CPU.ActiveCfg = Release|Any CPU
		{BCD88337-4F14-4CDF-8D93-51C5F76317A7}.Release|Any CPU.Build.0 = Release|Any CPU
		{671682FC-C626-4067-8FD8-4D31ED766C9F}.Debug|Any CPU.ActiveCfg = Debug|Any CPU
		{671682FC-C626-4067-8FD8-4D31ED766C9F}.Debug|Any CPU.Build.0 = Debug|Any CPU
		{671682FC-C626-4067-8FD8-4D31ED766C9F}.Release|Any CPU.ActiveCfg = Release|Any CPU
		{671682FC-C626-4067-8FD8-4D31ED766C9F}.Release|Any CPU.Build.0 = Release|Any CPU
		{3113EF20-FFF4-4EE8-8F4C-57755CE80A95}.Debug|Any CPU.ActiveCfg = Debug|Any CPU
		{3113EF20-FFF4-4EE8-8F4C-57755CE80A95}.Debug|Any CPU.Build.0 = Debug|Any CPU
		{3113EF20-FFF4-4EE8-8F4C-57755CE80A95}.Release|Any CPU.ActiveCfg = Release|Any CPU
		{3113EF20-FFF4-4EE8-8F4C-57755CE80A95}.Release|Any CPU.Build.0 = Release|Any CPU
		{543E3F0B-AC84-4A5B-BD31-82999828B9E0}.Debug|Any CPU.ActiveCfg = Debug|Any CPU
		{543E3F0B-AC84-4A5B-BD31-82999828B9E0}.Debug|Any CPU.Build.0 = Debug|Any CPU
		{543E3F0B-AC84-4A5B-BD31-82999828B9E0}.Release|Any CPU.ActiveCfg = Release|Any CPU
		{543E3F0B-AC84-4A5B-BD31-82999828B9E0}.Release|Any CPU.Build.0 = Release|Any CPU
	EndGlobalSection
	GlobalSection(SolutionProperties) = preSolution
		HideSolutionNode = FALSE
	EndGlobalSection
	GlobalSection(ExtensibilityGlobals) = postSolution
		SolutionGuid = {6F966599-1163-4B4D-97BE-41911210A37D}
	EndGlobalSection
EndGlobal
