
Microsoft Visual Studio Solution File, Format Version 12.00
# Visual Studio Version 17
VisualStudioVersion = 17.12.35527.113
MinimumVisualStudioVersion = 10.0.40219.1
Project("{FAE04EC0-301F-11D3-BF4B-00C04F79EFBC}") = "1000HelloWorld", "HelloWorld\1000HelloWorld.csproj", "{724BDFF0-6797-4FFA-A173-86F35720C186}"
EndProject
Project("{FAE04EC0-301F-11D3-BF4B-00C04F79EFBC}") = "1001ExtremelyBasic", "ExtremelyBasic\1001ExtremelyBasic.csproj", "{3BBC0EF6-E056-40CC-BDD7-D106342827AB}"
EndProject
Project("{FAE04EC0-301F-11D3-BF4B-00C04F79EFBC}") = "1002AreaOfACircle", "AreaOfACircle\1002AreaOfACircle.csproj", "{59B47A7F-79B8-4700-A7D7-77F61137899F}"
EndProject
Project("{FAE04EC0-301F-11D3-BF4B-00C04F79EFBC}") = "1004Simple Product", "1004Simple Product\1004Simple Product.csproj", "{10DD79DC-9BD0-4E40-88B6-CD52082D3AEE}"
EndProject
Global
	GlobalSection(SolutionConfigurationPlatforms) = preSolution
		Debug|Any CPU = Debug|Any CPU
		Release|Any CPU = Release|Any CPU
	EndGlobalSection
	GlobalSection(ProjectConfigurationPlatforms) = postSolution
		{724BDFF0-6797-4FFA-A173-86F35720C186}.Debug|Any CPU.ActiveCfg = Debug|Any CPU
		{724BDFF0-6797-4FFA-A173-86F35720C186}.Debug|Any CPU.Build.0 = Debug|Any CPU
		{724BDFF0-6797-4FFA-A173-86F35720C186}.Release|Any CPU.ActiveCfg = Release|Any CPU
		{724BDFF0-6797-4FFA-A173-86F35720C186}.Release|Any CPU.Build.0 = Release|Any CPU
		{3BBC0EF6-E056-40CC-BDD7-D106342827AB}.Debug|Any CPU.ActiveCfg = Debug|Any CPU
		{3BBC0EF6-E056-40CC-BDD7-D106342827AB}.Debug|Any CPU.Build.0 = Debug|Any CPU
		{3BBC0EF6-E056-40CC-BDD7-D106342827AB}.Release|Any CPU.ActiveCfg = Release|Any CPU
		{3BBC0EF6-E056-40CC-BDD7-D106342827AB}.Release|Any CPU.Build.0 = Release|Any CPU
		{59B47A7F-79B8-4700-A7D7-77F61137899F}.Debug|Any CPU.ActiveCfg = Debug|Any CPU
		{59B47A7F-79B8-4700-A7D7-77F61137899F}.Debug|Any CPU.Build.0 = Debug|Any CPU
		{59B47A7F-79B8-4700-A7D7-77F61137899F}.Release|Any CPU.ActiveCfg = Release|Any CPU
		{59B47A7F-79B8-4700-A7D7-77F61137899F}.Release|Any CPU.Build.0 = Release|Any CPU
		{10DD79DC-9BD0-4E40-88B6-CD52082D3AEE}.Debug|Any CPU.ActiveCfg = Debug|Any CPU
		{10DD79DC-9BD0-4E40-88B6-CD52082D3AEE}.Debug|Any CPU.Build.0 = Debug|Any CPU
		{10DD79DC-9BD0-4E40-88B6-CD52082D3AEE}.Release|Any CPU.ActiveCfg = Release|Any CPU
		{10DD79DC-9BD0-4E40-88B6-CD52082D3AEE}.Release|Any CPU.Build.0 = Release|Any CPU
	EndGlobalSection
	GlobalSection(SolutionProperties) = preSolution
		HideSolutionNode = FALSE
	EndGlobalSection
	GlobalSection(ExtensibilityGlobals) = postSolution
		SolutionGuid = {6F966599-1163-4B4D-97BE-41911210A37D}
	EndGlobalSection
EndGlobal
